// !$*UTF8*$!
{
	archiveVersion = 1;
	classes = {
	};
	objectVersion = 56;
	objects = {

/* Begin PBXBuildFile section */
		C92B36BA2CA7C96900633156 /* ImageGalleryAppApp.swift in Sources */ = {isa = PBXBuildFile; fileRef = C92B36B92CA7C96900633156 /* ImageGalleryAppApp.swift */; };
		C92B36BC2CA7C96900633156 /* ImageListView.swift in Sources */ = {isa = PBXBuildFile; fileRef = C92B36BB2CA7C96900633156 /* ImageListView.swift */; };
		C92B36BE2CA7C96900633156 /* Item.swift in Sources */ = {isa = PBXBuildFile; fileRef = C92B36BD2CA7C96900633156 /* Item.swift */; };
		C92B36C02CA7C96B00633156 /* Assets.xcassets in Resources */ = {isa = PBXBuildFile; fileRef = C92B36BF2CA7C96B00633156 /* Assets.xcassets */; };
		C92B36C32CA7C96B00633156 /* Preview Assets.xcassets in Resources */ = {isa = PBXBuildFile; fileRef = C92B36C22CA7C96B00633156 /* Preview Assets.xcassets */; };
		C92B36CD2CA7C96B00633156 /* ImageGalleryAppTests.swift in Sources */ = {isa = PBXBuildFile; fileRef = C92B36CC2CA7C96B00633156 /* ImageGalleryAppTests.swift */; };
		C92B36D72CA7C96B00633156 /* ImageGalleryAppUITests.swift in Sources */ = {isa = PBXBuildFile; fileRef = C92B36D62CA7C96B00633156 /* ImageGalleryAppUITests.swift */; };
		C92B36D92CA7C96B00633156 /* ImageGalleryAppUITestsLaunchTests.swift in Sources */ = {isa = PBXBuildFile; fileRef = C92B36D82CA7C96B00633156 /* ImageGalleryAppUITestsLaunchTests.swift */; };
		C92B36F92CA7CD6800633156 /* CoordinatorView.swift in Sources */ = {isa = PBXBuildFile; fileRef = C92B36F82CA7CD6800633156 /* CoordinatorView.swift */; };
		C92B36FB2CA7CD7C00633156 /* AppPages.swift in Sources */ = {isa = PBXBuildFile; fileRef = C92B36FA2CA7CD7C00633156 /* AppPages.swift */; };
		C92B36FD2CA7CDAE00633156 /* Coordinator.swift in Sources */ = {isa = PBXBuildFile; fileRef = C92B36FC2CA7CDAE00633156 /* Coordinator.swift */; };
		C92B36FF2CA7CE0400633156 /* ImageDetailView.swift in Sources */ = {isa = PBXBuildFile; fileRef = C92B36FE2CA7CE0400633156 /* ImageDetailView.swift */; };
		C92B37012CA7CF2200633156 /* IGApi.swift in Sources */ = {isa = PBXBuildFile; fileRef = C92B37002CA7CF2200633156 /* IGApi.swift */; };
		C92B37042CA7CF8800633156 /* ApiService.swift in Sources */ = {isa = PBXBuildFile; fileRef = C92B37032CA7CF8800633156 /* ApiService.swift */; };
		C92B37062CA7CF9B00633156 /* ApiRequest.swift in Sources */ = {isa = PBXBuildFile; fileRef = C92B37052CA7CF9B00633156 /* ApiRequest.swift */; };
		C92B37082CA7CFAA00633156 /* ApiServiceManager.swift in Sources */ = {isa = PBXBuildFile; fileRef = C92B37072CA7CFAA00633156 /* ApiServiceManager.swift */; };
		C92B370A2CA7CFEF00633156 /* NetworkService.swift in Sources */ = {isa = PBXBuildFile; fileRef = C92B37092CA7CFEF00633156 /* NetworkService.swift */; };
		C92B370C2CA7D04800633156 /* AppNetworkError.swift in Sources */ = {isa = PBXBuildFile; fileRef = C92B370B2CA7D04800633156 /* AppNetworkError.swift */; };
		C92B370E2CA7D06600633156 /* ImageList.swift in Sources */ = {isa = PBXBuildFile; fileRef = C92B370D2CA7D06600633156 /* ImageList.swift */; };
		C92B37122CA7D12600633156 /* AppConstants.swift in Sources */ = {isa = PBXBuildFile; fileRef = C92B37112CA7D12600633156 /* AppConstants.swift */; };
		C92B37142CA7D2D900633156 /* ImageListViewModel.swift in Sources */ = {isa = PBXBuildFile; fileRef = C92B37132CA7D2D900633156 /* ImageListViewModel.swift */; };
		C92B37162CA7D4D900633156 /* AppColor.swift in Sources */ = {isa = PBXBuildFile; fileRef = C92B37152CA7D4D900633156 /* AppColor.swift */; };
		C92B37182CA7D4FA00633156 /* ViewExtensions.swift in Sources */ = {isa = PBXBuildFile; fileRef = C92B37172CA7D4FA00633156 /* ViewExtensions.swift */; };
		C92B371C2CA8352F00633156 /* ImageDownloadService.swift in Sources */ = {isa = PBXBuildFile; fileRef = C92B371B2CA8352F00633156 /* ImageDownloadService.swift */; };
		C92B371E2CA835BC00633156 /* ImageCachingService.swift in Sources */ = {isa = PBXBuildFile; fileRef = C92B371D2CA835BC00633156 /* ImageCachingService.swift */; };
		C92B37232CA84A5F00633156 /* AsyncImageView.swift in Sources */ = {isa = PBXBuildFile; fileRef = C92B37222CA84A5F00633156 /* AsyncImageView.swift */; };
		C92B37252CA84A7600633156 /* AsyncImageViewModel.swift in Sources */ = {isa = PBXBuildFile; fileRef = C92B37242CA84A7600633156 /* AsyncImageViewModel.swift */; };
		C9B212892CA90C75009F715B /* ImageDetailViewModel.swift in Sources */ = {isa = PBXBuildFile; fileRef = C9B212882CA90C75009F715B /* ImageDetailViewModel.swift */; };
		C9B2128B2CA90CF6009F715B /* ImageDetailViewItem.swift in Sources */ = {isa = PBXBuildFile; fileRef = C9B2128A2CA90CF6009F715B /* ImageDetailViewItem.swift */; };
		C9B2128D2CA9101E009F715B /* TitleModifier.swift in Sources */ = {isa = PBXBuildFile; fileRef = C9B2128C2CA9101E009F715B /* TitleModifier.swift */; };
		C9B2128F2CA91241009F715B /* BackButtonModifier.swift in Sources */ = {isa = PBXBuildFile; fileRef = C9B2128E2CA91241009F715B /* BackButtonModifier.swift */; };
		C9B212912CA9125D009F715B /* AppFont.swift in Sources */ = {isa = PBXBuildFile; fileRef = C9B212902CA9125D009F715B /* AppFont.swift */; };
/* End PBXBuildFile section */

/* Begin PBXContainerItemProxy section */
		C92B36C92CA7C96B00633156 /* PBXContainerItemProxy */ = {
			isa = PBXContainerItemProxy;
			containerPortal = C92B36AE2CA7C96900633156 /* Project object */;
			proxyType = 1;
			remoteGlobalIDString = C92B36B52CA7C96900633156;
			remoteInfo = ImageGalleryApp;
		};
		C92B36D32CA7C96B00633156 /* PBXContainerItemProxy */ = {
			isa = PBXContainerItemProxy;
			containerPortal = C92B36AE2CA7C96900633156 /* Project object */;
			proxyType = 1;
			remoteGlobalIDString = C92B36B52CA7C96900633156;
			remoteInfo = ImageGalleryApp;
		};
/* End PBXContainerItemProxy section */

/* Begin PBXFileReference section */
		C92B36B62CA7C96900633156 /* ImageGalleryApp.app */ = {isa = PBXFileReference; explicitFileType = wrapper.application; includeInIndex = 0; path = ImageGalleryApp.app; sourceTree = BUILT_PRODUCTS_DIR; };
		C92B36B92CA7C96900633156 /* ImageGalleryAppApp.swift */ = {isa = PBXFileReference; lastKnownFileType = sourcecode.swift; path = ImageGalleryAppApp.swift; sourceTree = "<group>"; };
		C92B36BB2CA7C96900633156 /* ImageListView.swift */ = {isa = PBXFileReference; lastKnownFileType = sourcecode.swift; path = ImageListView.swift; sourceTree = "<group>"; };
		C92B36BD2CA7C96900633156 /* Item.swift */ = {isa = PBXFileReference; lastKnownFileType = sourcecode.swift; path = Item.swift; sourceTree = "<group>"; };
		C92B36BF2CA7C96B00633156 /* Assets.xcassets */ = {isa = PBXFileReference; lastKnownFileType = folder.assetcatalog; path = Assets.xcassets; sourceTree = "<group>"; };
		C92B36C22CA7C96B00633156 /* Preview Assets.xcassets */ = {isa = PBXFileReference; lastKnownFileType = folder.assetcatalog; path = "Preview Assets.xcassets"; sourceTree = "<group>"; };
		C92B36C82CA7C96B00633156 /* ImageGalleryAppTests.xctest */ = {isa = PBXFileReference; explicitFileType = wrapper.cfbundle; includeInIndex = 0; path = ImageGalleryAppTests.xctest; sourceTree = BUILT_PRODUCTS_DIR; };
		C92B36CC2CA7C96B00633156 /* ImageGalleryAppTests.swift */ = {isa = PBXFileReference; lastKnownFileType = sourcecode.swift; path = ImageGalleryAppTests.swift; sourceTree = "<group>"; };
		C92B36D22CA7C96B00633156 /* ImageGalleryAppUITests.xctest */ = {isa = PBXFileReference; explicitFileType = wrapper.cfbundle; includeInIndex = 0; path = ImageGalleryAppUITests.xctest; sourceTree = BUILT_PRODUCTS_DIR; };
		C92B36D62CA7C96B00633156 /* ImageGalleryAppUITests.swift */ = {isa = PBXFileReference; lastKnownFileType = sourcecode.swift; path = ImageGalleryAppUITests.swift; sourceTree = "<group>"; };
		C92B36D82CA7C96B00633156 /* ImageGalleryAppUITestsLaunchTests.swift */ = {isa = PBXFileReference; lastKnownFileType = sourcecode.swift; path = ImageGalleryAppUITestsLaunchTests.swift; sourceTree = "<group>"; };
		C92B36F82CA7CD6800633156 /* CoordinatorView.swift */ = {isa = PBXFileReference; lastKnownFileType = sourcecode.swift; path = CoordinatorView.swift; sourceTree = "<group>"; };
		C92B36FA2CA7CD7C00633156 /* AppPages.swift */ = {isa = PBXFileReference; lastKnownFileType = sourcecode.swift; path = AppPages.swift; sourceTree = "<group>"; };
		C92B36FC2CA7CDAE00633156 /* Coordinator.swift */ = {isa = PBXFileReference; lastKnownFileType = sourcecode.swift; path = Coordinator.swift; sourceTree = "<group>"; };
		C92B36FE2CA7CE0400633156 /* ImageDetailView.swift */ = {isa = PBXFileReference; lastKnownFileType = sourcecode.swift; path = ImageDetailView.swift; sourceTree = "<group>"; };
		C92B37002CA7CF2200633156 /* IGApi.swift */ = {isa = PBXFileReference; lastKnownFileType = sourcecode.swift; path = IGApi.swift; sourceTree = "<group>"; };
		C92B37032CA7CF8800633156 /* ApiService.swift */ = {isa = PBXFileReference; lastKnownFileType = sourcecode.swift; path = ApiService.swift; sourceTree = "<group>"; };
		C92B37052CA7CF9B00633156 /* ApiRequest.swift */ = {isa = PBXFileReference; lastKnownFileType = sourcecode.swift; path = ApiRequest.swift; sourceTree = "<group>"; };
		C92B37072CA7CFAA00633156 /* ApiServiceManager.swift */ = {isa = PBXFileReference; lastKnownFileType = sourcecode.swift; path = ApiServiceManager.swift; sourceTree = "<group>"; };
		C92B37092CA7CFEF00633156 /* NetworkService.swift */ = {isa = PBXFileReference; lastKnownFileType = sourcecode.swift; path = NetworkService.swift; sourceTree = "<group>"; };
		C92B370B2CA7D04800633156 /* AppNetworkError.swift */ = {isa = PBXFileReference; lastKnownFileType = sourcecode.swift; path = AppNetworkError.swift; sourceTree = "<group>"; };
		C92B370D2CA7D06600633156 /* ImageList.swift */ = {isa = PBXFileReference; lastKnownFileType = sourcecode.swift; path = ImageList.swift; sourceTree = "<group>"; };
		C92B37112CA7D12600633156 /* AppConstants.swift */ = {isa = PBXFileReference; lastKnownFileType = sourcecode.swift; path = AppConstants.swift; sourceTree = "<group>"; };
		C92B37132CA7D2D900633156 /* ImageListViewModel.swift */ = {isa = PBXFileReference; lastKnownFileType = sourcecode.swift; path = ImageListViewModel.swift; sourceTree = "<group>"; };
		C92B37152CA7D4D900633156 /* AppColor.swift */ = {isa = PBXFileReference; lastKnownFileType = sourcecode.swift; path = AppColor.swift; sourceTree = "<group>"; };
		C92B37172CA7D4FA00633156 /* ViewExtensions.swift */ = {isa = PBXFileReference; lastKnownFileType = sourcecode.swift; path = ViewExtensions.swift; sourceTree = "<group>"; };
		C92B371B2CA8352F00633156 /* ImageDownloadService.swift */ = {isa = PBXFileReference; lastKnownFileType = sourcecode.swift; path = ImageDownloadService.swift; sourceTree = "<group>"; };
		C92B371D2CA835BC00633156 /* ImageCachingService.swift */ = {isa = PBXFileReference; lastKnownFileType = sourcecode.swift; path = ImageCachingService.swift; sourceTree = "<group>"; };
		C92B37222CA84A5F00633156 /* AsyncImageView.swift */ = {isa = PBXFileReference; lastKnownFileType = sourcecode.swift; path = AsyncImageView.swift; sourceTree = "<group>"; };
		C92B37242CA84A7600633156 /* AsyncImageViewModel.swift */ = {isa = PBXFileReference; lastKnownFileType = sourcecode.swift; path = AsyncImageViewModel.swift; sourceTree = "<group>"; };
		C9B212882CA90C75009F715B /* ImageDetailViewModel.swift */ = {isa = PBXFileReference; lastKnownFileType = sourcecode.swift; path = ImageDetailViewModel.swift; sourceTree = "<group>"; };
		C9B2128A2CA90CF6009F715B /* ImageDetailViewItem.swift */ = {isa = PBXFileReference; lastKnownFileType = sourcecode.swift; path = ImageDetailViewItem.swift; sourceTree = "<group>"; };
		C9B2128C2CA9101E009F715B /* TitleModifier.swift */ = {isa = PBXFileReference; lastKnownFileType = sourcecode.swift; path = TitleModifier.swift; sourceTree = "<group>"; };
		C9B2128E2CA91241009F715B /* BackButtonModifier.swift */ = {isa = PBXFileReference; lastKnownFileType = sourcecode.swift; path = BackButtonModifier.swift; sourceTree = "<group>"; };
		C9B212902CA9125D009F715B /* AppFont.swift */ = {isa = PBXFileReference; lastKnownFileType = sourcecode.swift; path = AppFont.swift; sourceTree = "<group>"; };
/* End PBXFileReference section */

/* Begin PBXFrameworksBuildPhase section */
		C92B36B32CA7C96900633156 /* Frameworks */ = {
			isa = PBXFrameworksBuildPhase;
			buildActionMask = 2147483647;
			files = (
			);
			runOnlyForDeploymentPostprocessing = 0;
		};
		C92B36C52CA7C96B00633156 /* Frameworks */ = {
			isa = PBXFrameworksBuildPhase;
			buildActionMask = 2147483647;
			files = (
			);
			runOnlyForDeploymentPostprocessing = 0;
		};
		C92B36CF2CA7C96B00633156 /* Frameworks */ = {
			isa = PBXFrameworksBuildPhase;
			buildActionMask = 2147483647;
			files = (
			);
			runOnlyForDeploymentPostprocessing = 0;
		};
/* End PBXFrameworksBuildPhase section */

/* Begin PBXGroup section */
		C92B36AD2CA7C96900633156 = {
			isa = PBXGroup;
			children = (
				C92B36B82CA7C96900633156 /* ImageGalleryApp */,
				C92B36CB2CA7C96B00633156 /* ImageGalleryAppTests */,
				C92B36D52CA7C96B00633156 /* ImageGalleryAppUITests */,
				C92B36B72CA7C96900633156 /* Products */,
			);
			sourceTree = "<group>";
		};
		C92B36B72CA7C96900633156 /* Products */ = {
			isa = PBXGroup;
			children = (
				C92B36B62CA7C96900633156 /* ImageGalleryApp.app */,
				C92B36C82CA7C96B00633156 /* ImageGalleryAppTests.xctest */,
				C92B36D22CA7C96B00633156 /* ImageGalleryAppUITests.xctest */,
			);
			name = Products;
			sourceTree = "<group>";
		};
		C92B36B82CA7C96900633156 /* ImageGalleryApp */ = {
			isa = PBXGroup;
			children = (
				C92B36E82CA7CA4500633156 /* Application */,
				C92B36E72CA7CA4300633156 /* Services */,
				C92B36E62CA7CA3E00633156 /* Modules */,
				C92B36E52CA7CA3B00633156 /* Utils */,
				C92B36E92CA7CA6000633156 /* Resources */,
				C92B36C12CA7C96B00633156 /* Preview Content */,
			);
			path = ImageGalleryApp;
			sourceTree = "<group>";
		};
		C92B36C12CA7C96B00633156 /* Preview Content */ = {
			isa = PBXGroup;
			children = (
				C92B36C22CA7C96B00633156 /* Preview Assets.xcassets */,
			);
			path = "Preview Content";
			sourceTree = "<group>";
		};
		C92B36CB2CA7C96B00633156 /* ImageGalleryAppTests */ = {
			isa = PBXGroup;
			children = (
				C92B36CC2CA7C96B00633156 /* ImageGalleryAppTests.swift */,
			);
			path = ImageGalleryAppTests;
			sourceTree = "<group>";
		};
		C92B36D52CA7C96B00633156 /* ImageGalleryAppUITests */ = {
			isa = PBXGroup;
			children = (
				C92B36D62CA7C96B00633156 /* ImageGalleryAppUITests.swift */,
				C92B36D82CA7C96B00633156 /* ImageGalleryAppUITestsLaunchTests.swift */,
			);
			path = ImageGalleryAppUITests;
			sourceTree = "<group>";
		};
		C92B36E52CA7CA3B00633156 /* Utils */ = {
			isa = PBXGroup;
			children = (
				C92B36F72CA7CB4500633156 /* Extensions */,
				C92B36F62CA7CB3E00633156 /* ViewModifiers */,
				C92B36F52CA7CB3C00633156 /* Constants */,
			);
			path = Utils;
			sourceTree = "<group>";
		};
		C92B36E62CA7CA3E00633156 /* Modules */ = {
			isa = PBXGroup;
			children = (
				C92B36ED2CA7CAC000633156 /* ImageGalleryList */,
				C92B36EC2CA7CABD00633156 /* ImageGalleryDetail */,
				C92B371F2CA84A3900633156 /* AsyncImageView */,
			);
			path = Modules;
			sourceTree = "<group>";
		};
		C92B36E72CA7CA4300633156 /* Services */ = {
			isa = PBXGroup;
			children = (
				C92B36F42CA7CB1E00633156 /* Coordinator */,
				C92B36EB2CA7CAA100633156 /* NetworkService */,
				C92B371A2CA8345400633156 /* ImageCaching */,
				C92B37192CA8343300633156 /* ImageDownloadService */,
			);
			path = Services;
			sourceTree = "<group>";
		};
		C92B36E82CA7CA4500633156 /* Application */ = {
			isa = PBXGroup;
			children = (
				C92B36B92CA7C96900633156 /* ImageGalleryAppApp.swift */,
				C92B36F82CA7CD6800633156 /* CoordinatorView.swift */,
			);
			path = Application;
			sourceTree = "<group>";
		};
		C92B36E92CA7CA6000633156 /* Resources */ = {
			isa = PBXGroup;
			children = (
				C92B36BD2CA7C96900633156 /* Item.swift */,
				C92B36BF2CA7C96B00633156 /* Assets.xcassets */,
			);
			path = Resources;
			sourceTree = "<group>";
		};
		C92B36EB2CA7CAA100633156 /* NetworkService */ = {
			isa = PBXGroup;
			children = (
				C92B37022CA7CF2E00633156 /* IGApi */,
				C92B37032CA7CF8800633156 /* ApiService.swift */,
				C92B37052CA7CF9B00633156 /* ApiRequest.swift */,
				C92B37072CA7CFAA00633156 /* ApiServiceManager.swift */,
				C92B37092CA7CFEF00633156 /* NetworkService.swift */,
			);
			path = NetworkService;
			sourceTree = "<group>";
		};
		C92B36EC2CA7CABD00633156 /* ImageGalleryDetail */ = {
			isa = PBXGroup;
			children = (
				C9B212872CA90C45009F715B /* Model */,
				C92B36F32CA7CAE500633156 /* View */,
				C92B36F12CA7CADE00633156 /* ViewModel */,
			);
			path = ImageGalleryDetail;
			sourceTree = "<group>";
		};
		C92B36ED2CA7CAC000633156 /* ImageGalleryList */ = {
			isa = PBXGroup;
			children = (
				C92B36F02CA7CADC00633156 /* Model */,
				C92B36EF2CA7CAD900633156 /* View */,
				C92B36EE2CA7CAD700633156 /* ViewModel */,
			);
			path = ImageGalleryList;
			sourceTree = "<group>";
		};
		C92B36EE2CA7CAD700633156 /* ViewModel */ = {
			isa = PBXGroup;
			children = (
				C92B37132CA7D2D900633156 /* ImageListViewModel.swift */,
			);
			path = ViewModel;
			sourceTree = "<group>";
		};
		C92B36EF2CA7CAD900633156 /* View */ = {
			isa = PBXGroup;
			children = (
				C92B36BB2CA7C96900633156 /* ImageListView.swift */,
			);
			path = View;
			sourceTree = "<group>";
		};
		C92B36F02CA7CADC00633156 /* Model */ = {
			isa = PBXGroup;
			children = (
				C92B370D2CA7D06600633156 /* ImageList.swift */,
			);
			path = Model;
			sourceTree = "<group>";
		};
		C92B36F12CA7CADE00633156 /* ViewModel */ = {
			isa = PBXGroup;
			children = (
				C9B212882CA90C75009F715B /* ImageDetailViewModel.swift */,
			);
			path = ViewModel;
			sourceTree = "<group>";
		};
		C92B36F32CA7CAE500633156 /* View */ = {
			isa = PBXGroup;
			children = (
				C92B36FE2CA7CE0400633156 /* ImageDetailView.swift */,
			);
			path = View;
			sourceTree = "<group>";
		};
		C92B36F42CA7CB1E00633156 /* Coordinator */ = {
			isa = PBXGroup;
			children = (
				C92B36FA2CA7CD7C00633156 /* AppPages.swift */,
				C92B36FC2CA7CDAE00633156 /* Coordinator.swift */,
			);
			path = Coordinator;
			sourceTree = "<group>";
		};
		C92B36F52CA7CB3C00633156 /* Constants */ = {
			isa = PBXGroup;
			children = (
				C92B370B2CA7D04800633156 /* AppNetworkError.swift */,
				C92B37112CA7D12600633156 /* AppConstants.swift */,
				C92B37152CA7D4D900633156 /* AppColor.swift */,
				C9B212902CA9125D009F715B /* AppFont.swift */,
			);
			path = Constants;
			sourceTree = "<group>";
		};
		C92B36F62CA7CB3E00633156 /* ViewModifiers */ = {
			isa = PBXGroup;
			children = (
				C9B2128C2CA9101E009F715B /* TitleModifier.swift */,
				C9B2128E2CA91241009F715B /* BackButtonModifier.swift */,
			);
			path = ViewModifiers;
			sourceTree = "<group>";
		};
		C92B36F72CA7CB4500633156 /* Extensions */ = {
			isa = PBXGroup;
			children = (
				C92B37172CA7D4FA00633156 /* ViewExtensions.swift */,
			);
			path = Extensions;
			sourceTree = "<group>";
		};
		C92B37022CA7CF2E00633156 /* IGApi */ = {
			isa = PBXGroup;
			children = (
				C92B37002CA7CF2200633156 /* IGApi.swift */,
			);
			path = IGApi;
			sourceTree = "<group>";
		};
		C92B37192CA8343300633156 /* ImageDownloadService */ = {
			isa = PBXGroup;
			children = (
				C92B371B2CA8352F00633156 /* ImageDownloadService.swift */,
			);
			path = ImageDownloadService;
			sourceTree = "<group>";
		};
		C92B371A2CA8345400633156 /* ImageCaching */ = {
			isa = PBXGroup;
			children = (
				C92B371D2CA835BC00633156 /* ImageCachingService.swift */,
			);
			path = ImageCaching;
			sourceTree = "<group>";
		};
		C92B371F2CA84A3900633156 /* AsyncImageView */ = {
			isa = PBXGroup;
			children = (
				C92B37212CA84A5100633156 /* View */,
				C92B37202CA84A4F00633156 /* ViewModel */,
			);
			path = AsyncImageView;
			sourceTree = "<group>";
		};
		C92B37202CA84A4F00633156 /* ViewModel */ = {
			isa = PBXGroup;
			children = (
				C92B37242CA84A7600633156 /* AsyncImageViewModel.swift */,
			);
			path = ViewModel;
			sourceTree = "<group>";
		};
		C92B37212CA84A5100633156 /* View */ = {
			isa = PBXGroup;
			children = (
				C92B37222CA84A5F00633156 /* AsyncImageView.swift */,
			);
			path = View;
			sourceTree = "<group>";
		};
		C9B212872CA90C45009F715B /* Model */ = {
			isa = PBXGroup;
			children = (
				C9B2128A2CA90CF6009F715B /* ImageDetailViewItem.swift */,
			);
			path = Model;
			sourceTree = "<group>";
		};
/* End PBXGroup section */

/* Begin PBXNativeTarget section */
		C92B36B52CA7C96900633156 /* ImageGalleryApp */ = {
			isa = PBXNativeTarget;
			buildConfigurationList = C92B36DC2CA7C96B00633156 /* Build configuration list for PBXNativeTarget "ImageGalleryApp" */;
			buildPhases = (
				C92B36B22CA7C96900633156 /* Sources */,
				C92B36B32CA7C96900633156 /* Frameworks */,
				C92B36B42CA7C96900633156 /* Resources */,
			);
			buildRules = (
			);
			dependencies = (
			);
			name = ImageGalleryApp;
			productName = ImageGalleryApp;
			productReference = C92B36B62CA7C96900633156 /* ImageGalleryApp.app */;
			productType = "com.apple.product-type.application";
		};
		C92B36C72CA7C96B00633156 /* ImageGalleryAppTests */ = {
			isa = PBXNativeTarget;
			buildConfigurationList = C92B36DF2CA7C96B00633156 /* Build configuration list for PBXNativeTarget "ImageGalleryAppTests" */;
			buildPhases = (
				C92B36C42CA7C96B00633156 /* Sources */,
				C92B36C52CA7C96B00633156 /* Frameworks */,
				C92B36C62CA7C96B00633156 /* Resources */,
			);
			buildRules = (
			);
			dependencies = (
				C92B36CA2CA7C96B00633156 /* PBXTargetDependency */,
			);
			name = ImageGalleryAppTests;
			productName = ImageGalleryAppTests;
			productReference = C92B36C82CA7C96B00633156 /* ImageGalleryAppTests.xctest */;
			productType = "com.apple.product-type.bundle.unit-test";
		};
		C92B36D12CA7C96B00633156 /* ImageGalleryAppUITests */ = {
			isa = PBXNativeTarget;
			buildConfigurationList = C92B36E22CA7C96B00633156 /* Build configuration list for PBXNativeTarget "ImageGalleryAppUITests" */;
			buildPhases = (
				C92B36CE2CA7C96B00633156 /* Sources */,
				C92B36CF2CA7C96B00633156 /* Frameworks */,
				C92B36D02CA7C96B00633156 /* Resources */,
			);
			buildRules = (
			);
			dependencies = (
				C92B36D42CA7C96B00633156 /* PBXTargetDependency */,
			);
			name = ImageGalleryAppUITests;
			productName = ImageGalleryAppUITests;
			productReference = C92B36D22CA7C96B00633156 /* ImageGalleryAppUITests.xctest */;
			productType = "com.apple.product-type.bundle.ui-testing";
		};
/* End PBXNativeTarget section */

/* Begin PBXProject section */
		C92B36AE2CA7C96900633156 /* Project object */ = {
			isa = PBXProject;
			attributes = {
				BuildIndependentTargetsInParallel = 1;
				LastSwiftUpdateCheck = 1540;
				LastUpgradeCheck = 1540;
				TargetAttributes = {
					C92B36B52CA7C96900633156 = {
						CreatedOnToolsVersion = 15.4;
					};
					C92B36C72CA7C96B00633156 = {
						CreatedOnToolsVersion = 15.4;
						TestTargetID = C92B36B52CA7C96900633156;
					};
					C92B36D12CA7C96B00633156 = {
						CreatedOnToolsVersion = 15.4;
						TestTargetID = C92B36B52CA7C96900633156;
					};
				};
			};
			buildConfigurationList = C92B36B12CA7C96900633156 /* Build configuration list for PBXProject "ImageGalleryApp" */;
			compatibilityVersion = "Xcode 14.0";
			developmentRegion = en;
			hasScannedForEncodings = 0;
			knownRegions = (
				en,
				Base,
			);
			mainGroup = C92B36AD2CA7C96900633156;
			productRefGroup = C92B36B72CA7C96900633156 /* Products */;
			projectDirPath = "";
			projectRoot = "";
			targets = (
				C92B36B52CA7C96900633156 /* ImageGalleryApp */,
				C92B36C72CA7C96B00633156 /* ImageGalleryAppTests */,
				C92B36D12CA7C96B00633156 /* ImageGalleryAppUITests */,
			);
		};
/* End PBXProject section */

/* Begin PBXResourcesBuildPhase section */
		C92B36B42CA7C96900633156 /* Resources */ = {
			isa = PBXResourcesBuildPhase;
			buildActionMask = 2147483647;
			files = (
				C92B36C32CA7C96B00633156 /* Preview Assets.xcassets in Resources */,
				C92B36C02CA7C96B00633156 /* Assets.xcassets in Resources */,
			);
			runOnlyForDeploymentPostprocessing = 0;
		};
		C92B36C62CA7C96B00633156 /* Resources */ = {
			isa = PBXResourcesBuildPhase;
			buildActionMask = 2147483647;
			files = (
			);
			runOnlyForDeploymentPostprocessing = 0;
		};
		C92B36D02CA7C96B00633156 /* Resources */ = {
			isa = PBXResourcesBuildPhase;
			buildActionMask = 2147483647;
			files = (
			);
			runOnlyForDeploymentPostprocessing = 0;
		};
/* End PBXResourcesBuildPhase section */

/* Begin PBXSourcesBuildPhase section */
		C92B36B22CA7C96900633156 /* Sources */ = {
			isa = PBXSourcesBuildPhase;
			buildActionMask = 2147483647;
			files = (
				C92B36FB2CA7CD7C00633156 /* AppPages.swift in Sources */,
				C92B36FF2CA7CE0400633156 /* ImageDetailView.swift in Sources */,
				C92B36BC2CA7C96900633156 /* ImageListView.swift in Sources */,
				C92B36FD2CA7CDAE00633156 /* Coordinator.swift in Sources */,
				C92B36BE2CA7C96900633156 /* Item.swift in Sources */,
				C92B37232CA84A5F00633156 /* AsyncImageView.swift in Sources */,
				C92B371C2CA8352F00633156 /* ImageDownloadService.swift in Sources */,
				C92B370C2CA7D04800633156 /* AppNetworkError.swift in Sources */,
				C92B37042CA7CF8800633156 /* ApiService.swift in Sources */,
				C9B2128F2CA91241009F715B /* BackButtonModifier.swift in Sources */,
				C92B36BA2CA7C96900633156 /* ImageGalleryAppApp.swift in Sources */,
				C92B37012CA7CF2200633156 /* IGApi.swift in Sources */,
				C92B37062CA7CF9B00633156 /* ApiRequest.swift in Sources */,
				C92B37252CA84A7600633156 /* AsyncImageViewModel.swift in Sources */,
				C92B371E2CA835BC00633156 /* ImageCachingService.swift in Sources */,
				C92B37182CA7D4FA00633156 /* ViewExtensions.swift in Sources */,
				C9B212892CA90C75009F715B /* ImageDetailViewModel.swift in Sources */,
				C92B37122CA7D12600633156 /* AppConstants.swift in Sources */,
				C92B37082CA7CFAA00633156 /* ApiServiceManager.swift in Sources */,
				C92B370E2CA7D06600633156 /* ImageList.swift in Sources */,
				C9B212912CA9125D009F715B /* AppFont.swift in Sources */,
				C92B370A2CA7CFEF00633156 /* NetworkService.swift in Sources */,
				C9B2128B2CA90CF6009F715B /* ImageDetailViewItem.swift in Sources */,
				C92B36F92CA7CD6800633156 /* CoordinatorView.swift in Sources */,
				C92B37142CA7D2D900633156 /* ImageListViewModel.swift in Sources */,
				C9B2128D2CA9101E009F715B /* TitleModifier.swift in Sources */,
				C92B37162CA7D4D900633156 /* AppColor.swift in Sources */,
			);
			runOnlyForDeploymentPostprocessing = 0;
		};
		C92B36C42CA7C96B00633156 /* Sources */ = {
			isa = PBXSourcesBuildPhase;
			buildActionMask = 2147483647;
			files = (
				C92B36CD2CA7C96B00633156 /* ImageGalleryAppTests.swift in Sources */,
			);
			runOnlyForDeploymentPostprocessing = 0;
		};
		C92B36CE2CA7C96B00633156 /* Sources */ = {
			isa = PBXSourcesBuildPhase;
			buildActionMask = 2147483647;
			files = (
				C92B36D72CA7C96B00633156 /* ImageGalleryAppUITests.swift in Sources */,
				C92B36D92CA7C96B00633156 /* ImageGalleryAppUITestsLaunchTests.swift in Sources */,
			);
			runOnlyForDeploymentPostprocessing = 0;
		};
/* End PBXSourcesBuildPhase section */

/* Begin PBXTargetDependency section */
		C92B36CA2CA7C96B00633156 /* PBXTargetDependency */ = {
			isa = PBXTargetDependency;
			target = C92B36B52CA7C96900633156 /* ImageGalleryApp */;
			targetProxy = C92B36C92CA7C96B00633156 /* PBXContainerItemProxy */;
		};
		C92B36D42CA7C96B00633156 /* PBXTargetDependency */ = {
			isa = PBXTargetDependency;
			target = C92B36B52CA7C96900633156 /* ImageGalleryApp */;
			targetProxy = C92B36D32CA7C96B00633156 /* PBXContainerItemProxy */;
		};
/* End PBXTargetDependency section */

/* Begin XCBuildConfiguration section */
		C92B36DA2CA7C96B00633156 /* Debug */ = {
			isa = XCBuildConfiguration;
			buildSettings = {
				ALWAYS_SEARCH_USER_PATHS = NO;
				ASSETCATALOG_COMPILER_GENERATE_SWIFT_ASSET_SYMBOL_EXTENSIONS = YES;
				CLANG_ANALYZER_NONNULL = YES;
				CLANG_ANALYZER_NUMBER_OBJECT_CONVERSION = YES_AGGRESSIVE;
				CLANG_CXX_LANGUAGE_STANDARD = "gnu++20";
				CLANG_ENABLE_MODULES = YES;
				CLANG_ENABLE_OBJC_ARC = YES;
				CLANG_ENABLE_OBJC_WEAK = YES;
				CLANG_WARN_BLOCK_CAPTURE_AUTORELEASING = YES;
				CLANG_WARN_BOOL_CONVERSION = YES;
				CLANG_WARN_COMMA = YES;
				CLANG_WARN_CONSTANT_CONVERSION = YES;
				CLANG_WARN_DEPRECATED_OBJC_IMPLEMENTATIONS = YES;
				CLANG_WARN_DIRECT_OBJC_ISA_USAGE = YES_ERROR;
				CLANG_WARN_DOCUMENTATION_COMMENTS = YES;
				CLANG_WARN_EMPTY_BODY = YES;
				CLANG_WARN_ENUM_CONVERSION = YES;
				CLANG_WARN_INFINITE_RECURSION = YES;
				CLANG_WARN_INT_CONVERSION = YES;
				CLANG_WARN_NON_LITERAL_NULL_CONVERSION = YES;
				CLANG_WARN_OBJC_IMPLICIT_RETAIN_SELF = YES;
				CLANG_WARN_OBJC_LITERAL_CONVERSION = YES;
				CLANG_WARN_OBJC_ROOT_CLASS = YES_ERROR;
				CLANG_WARN_QUOTED_INCLUDE_IN_FRAMEWORK_HEADER = YES;
				CLANG_WARN_RANGE_LOOP_ANALYSIS = YES;
				CLANG_WARN_STRICT_PROTOTYPES = YES;
				CLANG_WARN_SUSPICIOUS_MOVE = YES;
				CLANG_WARN_UNGUARDED_AVAILABILITY = YES_AGGRESSIVE;
				CLANG_WARN_UNREACHABLE_CODE = YES;
				CLANG_WARN__DUPLICATE_METHOD_MATCH = YES;
				COPY_PHASE_STRIP = NO;
				DEBUG_INFORMATION_FORMAT = dwarf;
				ENABLE_STRICT_OBJC_MSGSEND = YES;
				ENABLE_TESTABILITY = YES;
				ENABLE_USER_SCRIPT_SANDBOXING = YES;
				GCC_C_LANGUAGE_STANDARD = gnu17;
				GCC_DYNAMIC_NO_PIC = NO;
				GCC_NO_COMMON_BLOCKS = YES;
				GCC_OPTIMIZATION_LEVEL = 0;
				GCC_PREPROCESSOR_DEFINITIONS = (
					"DEBUG=1",
					"$(inherited)",
				);
				GCC_WARN_64_TO_32_BIT_CONVERSION = YES;
				GCC_WARN_ABOUT_RETURN_TYPE = YES_ERROR;
				GCC_WARN_UNDECLARED_SELECTOR = YES;
				GCC_WARN_UNINITIALIZED_AUTOS = YES_AGGRESSIVE;
				GCC_WARN_UNUSED_FUNCTION = YES;
				GCC_WARN_UNUSED_VARIABLE = YES;
				IPHONEOS_DEPLOYMENT_TARGET = 17.5;
				LOCALIZATION_PREFERS_STRING_CATALOGS = YES;
				MTL_ENABLE_DEBUG_INFO = INCLUDE_SOURCE;
				MTL_FAST_MATH = YES;
				ONLY_ACTIVE_ARCH = YES;
				SDKROOT = iphoneos;
				SWIFT_ACTIVE_COMPILATION_CONDITIONS = "DEBUG $(inherited)";
				SWIFT_OPTIMIZATION_LEVEL = "-Onone";
			};
			name = Debug;
		};
		C92B36DB2CA7C96B00633156 /* Release */ = {
			isa = XCBuildConfiguration;
			buildSettings = {
				ALWAYS_SEARCH_USER_PATHS = NO;
				ASSETCATALOG_COMPILER_GENERATE_SWIFT_ASSET_SYMBOL_EXTENSIONS = YES;
				CLANG_ANALYZER_NONNULL = YES;
				CLANG_ANALYZER_NUMBER_OBJECT_CONVERSION = YES_AGGRESSIVE;
				CLANG_CXX_LANGUAGE_STANDARD = "gnu++20";
				CLANG_ENABLE_MODULES = YES;
				CLANG_ENABLE_OBJC_ARC = YES;
				CLANG_ENABLE_OBJC_WEAK = YES;
				CLANG_WARN_BLOCK_CAPTURE_AUTORELEASING = YES;
				CLANG_WARN_BOOL_CONVERSION = YES;
				CLANG_WARN_COMMA = YES;
				CLANG_WARN_CONSTANT_CONVERSION = YES;
				CLANG_WARN_DEPRECATED_OBJC_IMPLEMENTATIONS = YES;
				CLANG_WARN_DIRECT_OBJC_ISA_USAGE = YES_ERROR;
				CLANG_WARN_DOCUMENTATION_COMMENTS = YES;
				CLANG_WARN_EMPTY_BODY = YES;
				CLANG_WARN_ENUM_CONVERSION = YES;
				CLANG_WARN_INFINITE_RECURSION = YES;
				CLANG_WARN_INT_CONVERSION = YES;
				CLANG_WARN_NON_LITERAL_NULL_CONVERSION = YES;
				CLANG_WARN_OBJC_IMPLICIT_RETAIN_SELF = YES;
				CLANG_WARN_OBJC_LITERAL_CONVERSION = YES;
				CLANG_WARN_OBJC_ROOT_CLASS = YES_ERROR;
				CLANG_WARN_QUOTED_INCLUDE_IN_FRAMEWORK_HEADER = YES;
				CLANG_WARN_RANGE_LOOP_ANALYSIS = YES;
				CLANG_WARN_STRICT_PROTOTYPES = YES;
				CLANG_WARN_SUSPICIOUS_MOVE = YES;
				CLANG_WARN_UNGUARDED_AVAILABILITY = YES_AGGRESSIVE;
				CLANG_WARN_UNREACHABLE_CODE = YES;
				CLANG_WARN__DUPLICATE_METHOD_MATCH = YES;
				COPY_PHASE_STRIP = NO;
				DEBUG_INFORMATION_FORMAT = "dwarf-with-dsym";
				ENABLE_NS_ASSERTIONS = NO;
				ENABLE_STRICT_OBJC_MSGSEND = YES;
				ENABLE_USER_SCRIPT_SANDBOXING = YES;
				GCC_C_LANGUAGE_STANDARD = gnu17;
				GCC_NO_COMMON_BLOCKS = YES;
				GCC_WARN_64_TO_32_BIT_CONVERSION = YES;
				GCC_WARN_ABOUT_RETURN_TYPE = YES_ERROR;
				GCC_WARN_UNDECLARED_SELECTOR = YES;
				GCC_WARN_UNINITIALIZED_AUTOS = YES_AGGRESSIVE;
				GCC_WARN_UNUSED_FUNCTION = YES;
				GCC_WARN_UNUSED_VARIABLE = YES;
				IPHONEOS_DEPLOYMENT_TARGET = 17.5;
				LOCALIZATION_PREFERS_STRING_CATALOGS = YES;
				MTL_ENABLE_DEBUG_INFO = NO;
				MTL_FAST_MATH = YES;
				SDKROOT = iphoneos;
				SWIFT_COMPILATION_MODE = wholemodule;
				VALIDATE_PRODUCT = YES;
			};
			name = Release;
		};
		C92B36DD2CA7C96B00633156 /* Debug */ = {
			isa = XCBuildConfiguration;
			buildSettings = {
				ASSETCATALOG_COMPILER_APPICON_NAME = AppIcon;
				ASSETCATALOG_COMPILER_GLOBAL_ACCENT_COLOR_NAME = AccentColor;
				CODE_SIGN_STYLE = Manual;
				CURRENT_PROJECT_VERSION = 1;
				DEVELOPMENT_ASSET_PATHS = "\"ImageGalleryApp/Preview Content\"";
				DEVELOPMENT_TEAM = "";
				ENABLE_PREVIEWS = YES;
				GENERATE_INFOPLIST_FILE = YES;
				INFOPLIST_KEY_UIApplicationSceneManifest_Generation = YES;
				INFOPLIST_KEY_UIApplicationSupportsIndirectInputEvents = YES;
				INFOPLIST_KEY_UILaunchScreen_Generation = YES;
				INFOPLIST_KEY_UISupportedInterfaceOrientations_iPad = "UIInterfaceOrientationPortrait UIInterfaceOrientationPortraitUpsideDown UIInterfaceOrientationLandscapeLeft UIInterfaceOrientationLandscapeRight";
				INFOPLIST_KEY_UISupportedInterfaceOrientations_iPhone = "UIInterfaceOrientationPortrait UIInterfaceOrientationLandscapeLeft UIInterfaceOrientationLandscapeRight";
				LD_RUNPATH_SEARCH_PATHS = (
					"$(inherited)",
					"@executable_path/Frameworks",
				);
				MARKETING_VERSION = 1.0;
				PRODUCT_BUNDLE_IDENTIFIER = com.ankit.ImageGalleryApp;
				PRODUCT_NAME = "$(TARGET_NAME)";
				PROVISIONING_PROFILE_SPECIFIER = "";
				SUPPORTED_PLATFORMS = "iphoneos iphonesimulator";
				SUPPORTS_MACCATALYST = NO;
				SUPPORTS_MAC_DESIGNED_FOR_IPHONE_IPAD = NO;
				SUPPORTS_XR_DESIGNED_FOR_IPHONE_IPAD = NO;
				SWIFT_EMIT_LOC_STRINGS = YES;
				SWIFT_VERSION = 5.0;
				TARGETED_DEVICE_FAMILY = "1,2";
			};
			name = Debug;
		};
		C92B36DE2CA7C96B00633156 /* Release */ = {
			isa = XCBuildConfiguration;
			buildSettings = {
				ASSETCATALOG_COMPILER_APPICON_NAME = AppIcon;
				ASSETCATALOG_COMPILER_GLOBAL_ACCENT_COLOR_NAME = AccentColor;
				CODE_SIGN_STYLE = Manual;
				CURRENT_PROJECT_VERSION = 1;
				DEVELOPMENT_ASSET_PATHS = "\"ImageGalleryApp/Preview Content\"";
				DEVELOPMENT_TEAM = "";
				ENABLE_PREVIEWS = YES;
				GENERATE_INFOPLIST_FILE = YES;
				INFOPLIST_KEY_UIApplicationSceneManifest_Generation = YES;
				INFOPLIST_KEY_UIApplicationSupportsIndirectInputEvents = YES;
				INFOPLIST_KEY_UILaunchScreen_Generation = YES;
				INFOPLIST_KEY_UISupportedInterfaceOrientations_iPad = "UIInterfaceOrientationPortrait UIInterfaceOrientationPortraitUpsideDown UIInterfaceOrientationLandscapeLeft UIInterfaceOrientationLandscapeRight";
				INFOPLIST_KEY_UISupportedInterfaceOrientations_iPhone = "UIInterfaceOrientationPortrait UIInterfaceOrientationLandscapeLeft UIInterfaceOrientationLandscapeRight";
				LD_RUNPATH_SEARCH_PATHS = (
					"$(inherited)",
					"@executable_path/Frameworks",
				);
				MARKETING_VERSION = 1.0;
				PRODUCT_BUNDLE_IDENTIFIER = com.ankit.ImageGalleryApp;
				PRODUCT_NAME = "$(TARGET_NAME)";
				PROVISIONING_PROFILE_SPECIFIER = "";
				SUPPORTED_PLATFORMS = "iphoneos iphonesimulator";
				SUPPORTS_MACCATALYST = NO;
				SUPPORTS_MAC_DESIGNED_FOR_IPHONE_IPAD = NO;
				SUPPORTS_XR_DESIGNED_FOR_IPHONE_IPAD = NO;
				SWIFT_EMIT_LOC_STRINGS = YES;
				SWIFT_VERSION = 5.0;
				TARGETED_DEVICE_FAMILY = "1,2";
			};
			name = Release;
		};
		C92B36E02CA7C96B00633156 /* Debug */ = {
			isa = XCBuildConfiguration;
			buildSettings = {
				ALWAYS_EMBED_SWIFT_STANDARD_LIBRARIES = YES;
				BUNDLE_LOADER = "$(TEST_HOST)";
				CODE_SIGN_STYLE = Automatic;
				CURRENT_PROJECT_VERSION = 1;
				GENERATE_INFOPLIST_FILE = YES;
				IPHONEOS_DEPLOYMENT_TARGET = 17.5;
				MARKETING_VERSION = 1.0;
				PRODUCT_BUNDLE_IDENTIFIER = com.ankit.ImageGalleryAppTests;
				PRODUCT_NAME = "$(TARGET_NAME)";
				SUPPORTED_PLATFORMS = "iphoneos iphonesimulator";
				SUPPORTS_MACCATALYST = NO;
				SUPPORTS_MAC_DESIGNED_FOR_IPHONE_IPAD = NO;
				SUPPORTS_XR_DESIGNED_FOR_IPHONE_IPAD = NO;
				SWIFT_EMIT_LOC_STRINGS = NO;
				SWIFT_VERSION = 5.0;
				TARGETED_DEVICE_FAMILY = "1,2";
				TEST_HOST = "$(BUILT_PRODUCTS_DIR)/ImageGalleryApp.app/$(BUNDLE_EXECUTABLE_FOLDER_PATH)/ImageGalleryApp";
			};
			name = Debug;
		};
		C92B36E12CA7C96B00633156 /* Release */ = {
			isa = XCBuildConfiguration;
			buildSettings = {
				ALWAYS_EMBED_SWIFT_STANDARD_LIBRARIES = YES;
				BUNDLE_LOADER = "$(TEST_HOST)";
				CODE_SIGN_STYLE = Automatic;
				CURRENT_PROJECT_VERSION = 1;
				GENERATE_INFOPLIST_FILE = YES;
				IPHONEOS_DEPLOYMENT_TARGET = 17.5;
				MARKETING_VERSION = 1.0;
				PRODUCT_BUNDLE_IDENTIFIER = com.ankit.ImageGalleryAppTests;
				PRODUCT_NAME = "$(TARGET_NAME)";
				SUPPORTED_PLATFORMS = "iphoneos iphonesimulator";
				SUPPORTS_MACCATALYST = NO;
				SUPPORTS_MAC_DESIGNED_FOR_IPHONE_IPAD = NO;
				SUPPORTS_XR_DESIGNED_FOR_IPHONE_IPAD = NO;
				SWIFT_EMIT_LOC_STRINGS = NO;
				SWIFT_VERSION = 5.0;
				TARGETED_DEVICE_FAMILY = "1,2";
				TEST_HOST = "$(BUILT_PRODUCTS_DIR)/ImageGalleryApp.app/$(BUNDLE_EXECUTABLE_FOLDER_PATH)/ImageGalleryApp";
			};
			name = Release;
		};
		C92B36E32CA7C96B00633156 /* Debug */ = {
			isa = XCBuildConfiguration;
			buildSettings = {
				ALWAYS_EMBED_SWIFT_STANDARD_LIBRARIES = YES;
				CODE_SIGN_STYLE = Automatic;
				CURRENT_PROJECT_VERSION = 1;
				GENERATE_INFOPLIST_FILE = YES;
				MARKETING_VERSION = 1.0;
				PRODUCT_BUNDLE_IDENTIFIER = com.ankit.ImageGalleryAppUITests;
				PRODUCT_NAME = "$(TARGET_NAME)";
				SUPPORTED_PLATFORMS = "iphoneos iphonesimulator";
				SUPPORTS_MACCATALYST = NO;
				SUPPORTS_MAC_DESIGNED_FOR_IPHONE_IPAD = NO;
				SUPPORTS_XR_DESIGNED_FOR_IPHONE_IPAD = NO;
				SWIFT_EMIT_LOC_STRINGS = NO;
				SWIFT_VERSION = 5.0;
				TARGETED_DEVICE_FAMILY = "1,2";
				TEST_TARGET_NAME = ImageGalleryApp;
			};
			name = Debug;
		};
		C92B36E42CA7C96B00633156 /* Release */ = {
			isa = XCBuildConfiguration;
			buildSettings = {
				ALWAYS_EMBED_SWIFT_STANDARD_LIBRARIES = YES;
				CODE_SIGN_STYLE = Automatic;
				CURRENT_PROJECT_VERSION = 1;
				GENERATE_INFOPLIST_FILE = YES;
				MARKETING_VERSION = 1.0;
				PRODUCT_BUNDLE_IDENTIFIER = com.ankit.ImageGalleryAppUITests;
				PRODUCT_NAME = "$(TARGET_NAME)";
				SUPPORTED_PLATFORMS = "iphoneos iphonesimulator";
				SUPPORTS_MACCATALYST = NO;
				SUPPORTS_MAC_DESIGNED_FOR_IPHONE_IPAD = NO;
				SUPPORTS_XR_DESIGNED_FOR_IPHONE_IPAD = NO;
				SWIFT_EMIT_LOC_STRINGS = NO;
				SWIFT_VERSION = 5.0;
				TARGETED_DEVICE_FAMILY = "1,2";
				TEST_TARGET_NAME = ImageGalleryApp;
			};
			name = Release;
		};
/* End XCBuildConfiguration section */

/* Begin XCConfigurationList section */
		C92B36B12CA7C96900633156 /* Build configuration list for PBXProject "ImageGalleryApp" */ = {
			isa = XCConfigurationList;
			buildConfigurations = (
				C92B36DA2CA7C96B00633156 /* Debug */,
				C92B36DB2CA7C96B00633156 /* Release */,
			);
			defaultConfigurationIsVisible = 0;
			defaultConfigurationName = Release;
		};
		C92B36DC2CA7C96B00633156 /* Build configuration list for PBXNativeTarget "ImageGalleryApp" */ = {
			isa = XCConfigurationList;
			buildConfigurations = (
				C92B36DD2CA7C96B00633156 /* Debug */,
				C92B36DE2CA7C96B00633156 /* Release */,
			);
			defaultConfigurationIsVisible = 0;
			defaultConfigurationName = Release;
		};
		C92B36DF2CA7C96B00633156 /* Build configuration list for PBXNativeTarget "ImageGalleryAppTests" */ = {
			isa = XCConfigurationList;
			buildConfigurations = (
				C92B36E02CA7C96B00633156 /* Debug */,
				C92B36E12CA7C96B00633156 /* Release */,
			);
			defaultConfigurationIsVisible = 0;
			defaultConfigurationName = Release;
		};
		C92B36E22CA7C96B00633156 /* Build configuration list for PBXNativeTarget "ImageGalleryAppUITests" */ = {
			isa = XCConfigurationList;
			buildConfigurations = (
				C92B36E32CA7C96B00633156 /* Debug */,
				C92B36E42CA7C96B00633156 /* Release */,
			);
			defaultConfigurationIsVisible = 0;
			defaultConfigurationName = Release;
		};
/* End XCConfigurationList section */
	};
	rootObject = C92B36AE2CA7C96900633156 /* Project object */;
}
